<?xml version="1.0" encoding="UTF-8" standalone="yes" ?>
<CodeBlocks_project_file>
	<FileVersion major="1" minor="6" />
	<Project>
		<Option title="JetmanGame" />
		<Option pch_mode="2" />
		<Option compiler="gcc" />
		<Build>
			<Target title="Debug">
				<Option output="Out\JetmanGame\Jetman_d" prefix_auto="1" extension_auto="1" />
				<Option object_output="Out\JetmanGame\Debug\" />
				<Option type="1" />
				<Option compiler="gcc" />
				<Compiler>
					<Add option="-g" />
					<Add directory="Source" />
				</Compiler>
				<Linker>
					<Add library="glfw" />
					<Add library="opengl32" />
					<Add library="glu32" />
					<Add library="gdi32" />
				</Linker>
			</Target>
			<Target title="Release">
				<Option output="Out\JetmanGame\Jetman" prefix_auto="1" extension_auto="1" />
				<Option object_output="Out\JetmanGame\Release\" />
				<Option type="1" />
				<Option compiler="gcc" />
				<Compiler>
					<Add option="-O2" />
				</Compiler>
				<Linker>
					<Add option="-s" />
				</Linker>
			</Target>
		</Build>
		<Compiler>
			<Add option="-Wall" />
		</Compiler>
		<Unit filename="Data\LevelTest.xml" />
		<Unit filename="Source\Box2D\Box2D.h" />
		<Unit filename="Source\Box2D\Collision\Shapes\b2ChainShape.cpp" />
		<Unit filename="Source\Box2D\Collision\Shapes\b2ChainShape.h" />
		<Unit filename="Source\Box2D\Collision\Shapes\b2CircleShape.cpp" />
		<Unit filename="Source\Box2D\Collision\Shapes\b2CircleShape.h" />
		<Unit filename="Source\Box2D\Collision\Shapes\b2EdgeShape.cpp" />
		<Unit filename="Source\Box2D\Collision\Shapes\b2EdgeShape.h" />
		<Unit filename="Source\Box2D\Collision\Shapes\b2PolygonShape.cpp" />
		<Unit filename="Source\Box2D\Collision\Shapes\b2PolygonShape.h" />
		<Unit filename="Source\Box2D\Collision\Shapes\b2Shape.h" />
		<Unit filename="Source\Box2D\Collision\b2BroadPhase.cpp" />
		<Unit filename="Source\Box2D\Collision\b2BroadPhase.h" />
		<Unit filename="Source\Box2D\Collision\b2CollideCircle.cpp" />
		<Unit filename="Source\Box2D\Collision\b2CollideEdge.cpp" />
		<Unit filename="Source\Box2D\Collision\b2CollidePolygon.cpp" />
		<Unit filename="Source\Box2D\Collision\b2Collision.cpp" />
		<Unit filename="Source\Box2D\Collision\b2Collision.h" />
		<Unit filename="Source\Box2D\Collision\b2Distance.cpp" />
		<Unit filename="Source\Box2D\Collision\b2Distance.h" />
		<Unit filename="Source\Box2D\Collision\b2DynamicTree.cpp" />
		<Unit filename="Source\Box2D\Collision\b2DynamicTree.h" />
		<Unit filename="Source\Box2D\Collision\b2TimeOfImpact.cpp" />
		<Unit filename="Source\Box2D\Collision\b2TimeOfImpact.h" />
		<Unit filename="Source\Box2D\Common\b2BlockAllocator.cpp" />
		<Unit filename="Source\Box2D\Common\b2BlockAllocator.h" />
		<Unit filename="Source\Box2D\Common\b2Draw.cpp" />
		<Unit filename="Source\Box2D\Common\b2Draw.h" />
		<Unit filename="Source\Box2D\Common\b2GrowableStack.h" />
		<Unit filename="Source\Box2D\Common\b2Math.cpp" />
		<Unit filename="Source\Box2D\Common\b2Math.h" />
		<Unit filename="Source\Box2D\Common\b2Settings.cpp" />
		<Unit filename="Source\Box2D\Common\b2Settings.h" />
		<Unit filename="Source\Box2D\Common\b2StackAllocator.cpp" />
		<Unit filename="Source\Box2D\Common\b2StackAllocator.h" />
		<Unit filename="Source\Box2D\Common\b2Timer.cpp" />
		<Unit filename="Source\Box2D\Common\b2Timer.h" />
		<Unit filename="Source\Box2D\Dynamics\Contacts\b2ChainAndCircleContact.cpp" />
		<Unit filename="Source\Box2D\Dynamics\Contacts\b2ChainAndCircleContact.h" />
		<Unit filename="Source\Box2D\Dynamics\Contacts\b2ChainAndPolygonContact.cpp" />
		<Unit filename="Source\Box2D\Dynamics\Contacts\b2ChainAndPolygonContact.h" />
		<Unit filename="Source\Box2D\Dynamics\Contacts\b2CircleContact.cpp" />
		<Unit filename="Source\Box2D\Dynamics\Contacts\b2CircleContact.h" />
		<Unit filename="Source\Box2D\Dynamics\Contacts\b2Contact.cpp" />
		<Unit filename="Source\Box2D\Dynamics\Contacts\b2Contact.h" />
		<Unit filename="Source\Box2D\Dynamics\Contacts\b2ContactSolver.cpp" />
		<Unit filename="Source\Box2D\Dynamics\Contacts\b2ContactSolver.h" />
		<Unit filename="Source\Box2D\Dynamics\Contacts\b2EdgeAndCircleContact.cpp" />
		<Unit filename="Source\Box2D\Dynamics\Contacts\b2EdgeAndCircleContact.h" />
		<Unit filename="Source\Box2D\Dynamics\Contacts\b2EdgeAndPolygonContact.cpp" />
		<Unit filename="Source\Box2D\Dynamics\Contacts\b2EdgeAndPolygonContact.h" />
		<Unit filename="Source\Box2D\Dynamics\Contacts\b2PolygonAndCircleContact.cpp" />
		<Unit filename="Source\Box2D\Dynamics\Contacts\b2PolygonAndCircleContact.h" />
		<Unit filename="Source\Box2D\Dynamics\Contacts\b2PolygonContact.cpp" />
		<Unit filename="Source\Box2D\Dynamics\Contacts\b2PolygonContact.h" />
		<Unit filename="Source\Box2D\Dynamics\Joints\b2DistanceJoint.cpp" />
		<Unit filename="Source\Box2D\Dynamics\Joints\b2DistanceJoint.h" />
		<Unit filename="Source\Box2D\Dynamics\Joints\b2FrictionJoint.cpp" />
		<Unit filename="Source\Box2D\Dynamics\Joints\b2FrictionJoint.h" />
		<Unit filename="Source\Box2D\Dynamics\Joints\b2GearJoint.cpp" />
		<Unit filename="Source\Box2D\Dynamics\Joints\b2GearJoint.h" />
		<Unit filename="Source\Box2D\Dynamics\Joints\b2Joint.cpp" />
		<Unit filename="Source\Box2D\Dynamics\Joints\b2Joint.h" />
		<Unit filename="Source\Box2D\Dynamics\Joints\b2MouseJoint.cpp" />
		<Unit filename="Source\Box2D\Dynamics\Joints\b2MouseJoint.h" />
		<Unit filename="Source\Box2D\Dynamics\Joints\b2PrismaticJoint.cpp" />
		<Unit filename="Source\Box2D\Dynamics\Joints\b2PrismaticJoint.h" />
		<Unit filename="Source\Box2D\Dynamics\Joints\b2PulleyJoint.cpp" />
		<Unit filename="Source\Box2D\Dynamics\Joints\b2PulleyJoint.h" />
		<Unit filename="Source\Box2D\Dynamics\Joints\b2RevoluteJoint.cpp" />
		<Unit filename="Source\Box2D\Dynamics\Joints\b2RevoluteJoint.h" />
		<Unit filename="Source\Box2D\Dynamics\Joints\b2RopeJoint.cpp" />
		<Unit filename="Source\Box2D\Dynamics\Joints\b2RopeJoint.h" />
		<Unit filename="Source\Box2D\Dynamics\Joints\b2WeldJoint.cpp" />
		<Unit filename="Source\Box2D\Dynamics\Joints\b2WeldJoint.h" />
		<Unit filename="Source\Box2D\Dynamics\Joints\b2WheelJoint.cpp" />
		<Unit filename="Source\Box2D\Dynamics\Joints\b2WheelJoint.h" />
		<Unit filename="Source\Box2D\Dynamics\b2Body.cpp" />
		<Unit filename="Source\Box2D\Dynamics\b2Body.h" />
		<Unit filename="Source\Box2D\Dynamics\b2ContactManager.cpp" />
		<Unit filename="Source\Box2D\Dynamics\b2ContactManager.h" />
		<Unit filename="Source\Box2D\Dynamics\b2Fixture.cpp" />
		<Unit filename="Source\Box2D\Dynamics\b2Fixture.h" />
		<Unit filename="Source\Box2D\Dynamics\b2Island.cpp" />
		<Unit filename="Source\Box2D\Dynamics\b2Island.h" />
		<Unit filename="Source\Box2D\Dynamics\b2TimeStep.h" />
		<Unit filename="Source\Box2D\Dynamics\b2World.cpp" />
		<Unit filename="Source\Box2D\Dynamics\b2World.h" />
		<Unit filename="Source\Box2D\Dynamics\b2WorldCallbacks.cpp" />
		<Unit filename="Source\Box2D\Dynamics\b2WorldCallbacks.h" />
		<Unit filename="Source\Box2D\Rope\b2Rope.cpp" />
		<Unit filename="Source\Box2D\Rope\b2Rope.h" />
		<Unit filename="Source\GLPlus\BMFont.cpp" />
		<Unit filename="Source\GLPlus\BMFont.h" />
		<Unit filename="Source\GLPlus\GLCamera.cpp" />
		<Unit filename="Source\GLPlus\GLCamera.h" />
		<Unit filename="Source\GLPlus\GLFont.cpp" />
		<Unit filename="Source\GLPlus\GLFont.h" />
		<Unit filename="Source\GLPlus\GLMaterial.cpp" />
		<Unit filename="Source\GLPlus\GLMaterial.h" />
		<Unit filename="Source\GLPlus\GLMath.cpp" />
		<Unit filename="Source\GLPlus\GLMath.h" />
		<Unit filename="Source\GLPlus\GLModel.cpp" />
		<Unit filename="Source\GLPlus\GLModel.h" />
		<Unit filename="Source\GLPlus\GLNode.cpp" />
		<Unit filename="Source\GLPlus\GLNode.h" />
		<Unit filename="Source\GLPlus\GLParticleSystem.cpp" />
		<Unit filename="Source\GLPlus\GLParticleSystem.h" />
		<Unit filename="Source\GLPlus\GLPlus.h" />
		<Unit filename="Source\GLPlus\GLTexture.cpp" />
		<Unit filename="Source\GLPlus\GLTexture.h" />
		<Unit filename="Source\GLPlus\GLView.cpp" />
		<Unit filename="Source\GLPlus\GLView.h" />
		<Unit filename="Source\GLPlus\stb_image.c">
			<Option compilerVar="CC" />
		</Unit>
		<Unit filename="Source\GLPlus\stb_image.h" />
		<Unit filename="Source\Game\GameApp.cpp" />
		<Unit filename="Source\Game\GameApp.h" />
		<Unit filename="Source\Game\GameCommon.h" />
		<Unit filename="Source\Game\GameLevel.cpp" />
		<Unit filename="Source\Game\GameLevel.h" />
		<Unit filename="Source\Game\GameMain_GLFW.cpp" />
		<Unit filename="Source\Game\GamePlatform.cpp" />
		<Unit filename="Source\Game\GamePlatform.h" />
		<Unit filename="Source\Game\GamePlayer.cpp" />
		<Unit filename="Source\Game\GamePlayer.h" />
		<Extensions>
			<code_completion />
			<envvars />
			<debugger />
			<lib_finder disable_auto="1" />
		</Extensions>
	</Project>
</CodeBlocks_project_file>
